
Microsoft Visual Studio Solution File, Format Version 12.00
# Visual Studio 15
VisualStudioVersion = 15.0.26430.4
MinimumVisualStudioVersion = 10.0.40219.1
Project("{FAE04EC0-301F-11D3-BF4B-00C04F79EFBC}") = "UProveCrypto", "UProveCrypto\UProveCrypto.csproj", "{3C8F664A-B85A-4F53-87D9-AC3354085ED0}"
EndProject
Project("{FAE04EC0-301F-11D3-BF4B-00C04F79EFBC}") = "UProveSample", "UProveSample\UProveSample.csproj", "{46E74C02-29FB-4EBB-945A-98DAD73AC1A8}"
EndProject
Project("{FAE04EC0-301F-11D3-BF4B-00C04F79EFBC}") = "UProveUnitTest", "UProveUnitTest\UProveUnitTest.csproj", "{61263EB0-5263-4FDA-BEC8-CC1403B973CF}"
EndProject
Project("{FAE04EC0-301F-11D3-BF4B-00C04F79EFBC}") = "UProveParams", "UProveParams\UProveParams.csproj", "{1106ADC6-0D8D-48CD-BB43-3C2906E9D8D1}"
	ProjectSection(ProjectDependencies) = postProject
		{E6F1B45A-7EF6-4620-A8AE-2F74AB1A5489} = {E6F1B45A-7EF6-4620-A8AE-2F74AB1A5489}
	EndProjectSection
EndProject
Project("{FAE04EC0-301F-11D3-BF4B-00C04F79EFBC}") = "UProveTestVectors", "UProveTestVectors\UProveTestVectors.csproj", "{24417F55-EE67-4D14-A620-C6ACA1104B57}"
EndProject
Project("{FAE04EC0-301F-11D3-BF4B-00C04F79EFBC}") = "bc-trimmed", "ThirdParty\BouncyCastle\bc-trimmed\bc-trimmed.csproj", "{E6F1B45A-7EF6-4620-A8AE-2F74AB1A5489}"
EndProject
Global
	GlobalSection(SolutionConfigurationPlatforms) = preSolution
		Debug|Any CPU = Debug|Any CPU
		Release|Any CPU = Release|Any CPU
	EndGlobalSection
	GlobalSection(ProjectConfigurationPlatforms) = postSolution
		{3C8F664A-B85A-4F53-87D9-AC3354085ED0}.Debug|Any CPU.ActiveCfg = Debug|Any CPU
		{3C8F664A-B85A-4F53-87D9-AC3354085ED0}.Debug|Any CPU.Build.0 = Debug|Any CPU
		{3C8F664A-B85A-4F53-87D9-AC3354085ED0}.Release|Any CPU.ActiveCfg = Release|Any CPU
		{3C8F664A-B85A-4F53-87D9-AC3354085ED0}.Release|Any CPU.Build.0 = Release|Any CPU
		{46E74C02-29FB-4EBB-945A-98DAD73AC1A8}.Debug|Any CPU.ActiveCfg = Debug|Any CPU
		{46E74C02-29FB-4EBB-945A-98DAD73AC1A8}.Debug|Any CPU.Build.0 = Debug|Any CPU
		{46E74C02-29FB-4EBB-945A-98DAD73AC1A8}.Release|Any CPU.ActiveCfg = Release|Any CPU
		{46E74C02-29FB-4EBB-945A-98DAD73AC1A8}.Release|Any CPU.Build.0 = Release|Any CPU
		{61263EB0-5263-4FDA-BEC8-CC1403B973CF}.Debug|Any CPU.ActiveCfg = Debug|Any CPU
		{61263EB0-5263-4FDA-BEC8-CC1403B973CF}.Debug|Any CPU.Build.0 = Debug|Any CPU
		{61263EB0-5263-4FDA-BEC8-CC1403B973CF}.Release|Any CPU.ActiveCfg = Release|Any CPU
		{61263EB0-5263-4FDA-BEC8-CC1403B973CF}.Release|Any CPU.Build.0 = Release|Any CPU
		{1106ADC6-0D8D-48CD-BB43-3C2906E9D8D1}.Debug|Any CPU.ActiveCfg = Debug|Any CPU
		{1106ADC6-0D8D-48CD-BB43-3C2906E9D8D1}.Debug|Any CPU.Build.0 = Debug|Any CPU
		{1106ADC6-0D8D-48CD-BB43-3C2906E9D8D1}.Release|Any CPU.ActiveCfg = Release|Any CPU
		{1106ADC6-0D8D-48CD-BB43-3C2906E9D8D1}.Release|Any CPU.Build.0 = Release|Any CPU
		{24417F55-EE67-4D14-A620-C6ACA1104B57}.Debug|Any CPU.ActiveCfg = Debug|Any CPU
		{24417F55-EE67-4D14-A620-C6ACA1104B57}.Debug|Any CPU.Build.0 = Debug|Any CPU
		{24417F55-EE67-4D14-A620-C6ACA1104B57}.Release|Any CPU.ActiveCfg = Release|Any CPU
		{24417F55-EE67-4D14-A620-C6ACA1104B57}.Release|Any CPU.Build.0 = Release|Any CPU
		{E6F1B45A-7EF6-4620-A8AE-2F74AB1A5489}.Debug|Any CPU.ActiveCfg = Debug|Any CPU
		{E6F1B45A-7EF6-4620-A8AE-2F74AB1A5489}.Debug|Any CPU.Build.0 = Debug|Any CPU
		{E6F1B45A-7EF6-4620-A8AE-2F74AB1A5489}.Release|Any CPU.ActiveCfg = Release|Any CPU
		{E6F1B45A-7EF6-4620-A8AE-2F74AB1A5489}.Release|Any CPU.Build.0 = Release|Any CPU
	EndGlobalSection
	GlobalSection(SolutionProperties) = preSolution
		HideSolutionNode = FALSE
	EndGlobalSection
EndGlobal
